
Microsoft Visual Studio Solution File, Format Version 12.00
# Visual Studio Version 17
VisualStudioVersion = 17.4.33122.133
MinimumVisualStudioVersion = 10.0.40219.1
Project("{9A19103F-16F7-4668-BE54-9A1E7A4F7556}") = "geoparquet", "src\geoparquet.csproj", "{78B9E8F5-499F-4935-945F-77C54525DA61}"
EndProject
Project("{9A19103F-16F7-4668-BE54-9A1E7A4F7556}") = "geoparquet.tests", "geoparquet.tests\geoparquet.tests.csproj", "{2672BDE0-8E22-4E71-86A0-C025C96A996F}"
EndProject
Project("{2150E333-8FDC-42A3-9474-1A3956D46DE8}") = "docs", "docs", "{10627DE0-A067-4599-AB31-684FE98158FD}"
	ProjectSection(SolutionItems) = preProject
		README.md = README.md
	EndProjectSection
EndProject
Project("{2150E333-8FDC-42A3-9474-1A3956D46DE8}") = "build", "build", "{92F55511-779D-4EE5-B0BB-03E374B2C1E3}"
EndProject
Project("{9A19103F-16F7-4668-BE54-9A1E7A4F7556}") = "geoparquet.codegen", "geoparquet.codegen\geoparquet.codegen.csproj", "{66E7D036-F63B-46D4-AB4C-69EC1E21C437}"
EndProject
Global
	GlobalSection(SolutionConfigurationPlatforms) = preSolution
		Debug|Any CPU = Debug|Any CPU
		Release|Any CPU = Release|Any CPU
	EndGlobalSection
	GlobalSection(ProjectConfigurationPlatforms) = postSolution
		{78B9E8F5-499F-4935-945F-77C54525DA61}.Debug|Any CPU.ActiveCfg = Debug|Any CPU
		{78B9E8F5-499F-4935-945F-77C54525DA61}.Debug|Any CPU.Build.0 = Debug|Any CPU
		{78B9E8F5-499F-4935-945F-77C54525DA61}.Release|Any CPU.ActiveCfg = Release|Any CPU
		{78B9E8F5-499F-4935-945F-77C54525DA61}.Release|Any CPU.Build.0 = Release|Any CPU
		{2672BDE0-8E22-4E71-86A0-C025C96A996F}.Debug|Any CPU.ActiveCfg = Debug|Any CPU
		{2672BDE0-8E22-4E71-86A0-C025C96A996F}.Debug|Any CPU.Build.0 = Debug|Any CPU
		{2672BDE0-8E22-4E71-86A0-C025C96A996F}.Release|Any CPU.ActiveCfg = Release|Any CPU
		{2672BDE0-8E22-4E71-86A0-C025C96A996F}.Release|Any CPU.Build.0 = Release|Any CPU
		{66E7D036-F63B-46D4-AB4C-69EC1E21C437}.Debug|Any CPU.ActiveCfg = Debug|Any CPU
		{66E7D036-F63B-46D4-AB4C-69EC1E21C437}.Debug|Any CPU.Build.0 = Debug|Any CPU
		{66E7D036-F63B-46D4-AB4C-69EC1E21C437}.Release|Any CPU.ActiveCfg = Release|Any CPU
		{66E7D036-F63B-46D4-AB4C-69EC1E21C437}.Release|Any CPU.Build.0 = Release|Any CPU
	EndGlobalSection
	GlobalSection(SolutionProperties) = preSolution
		HideSolutionNode = FALSE
	EndGlobalSection
	GlobalSection(NestedProjects) = preSolution
		{66E7D036-F63B-46D4-AB4C-69EC1E21C437} = {92F55511-779D-4EE5-B0BB-03E374B2C1E3}
	EndGlobalSection
	GlobalSection(ExtensibilityGlobals) = postSolution
		SolutionGuid = {CE4A58B7-C737-47DB-B0E6-064AA688890B}
	EndGlobalSection
EndGlobal
